
Microsoft Visual Studio Solution File, Format Version 12.00
# Visual Studio Version 16
VisualStudioVersion = 25.0.1700.2
MinimumVisualStudioVersion = 10.0.40219.1
Project("{FAE04EC0-301F-11D3-BF4B-00C04F79EFBC}") = "Loops", "Loops\Loops.csproj", "{362952B2-CA1F-40A3-8F5F-A21E8B3C5036}"
EndProject
Global
	GlobalSection(SolutionConfigurationPlatforms) = preSolution
		Debug|Any CPU = Debug|Any CPU
		Release|Any CPU = Release|Any CPU
	EndGlobalSection
	GlobalSection(ProjectConfigurationPlatforms) = postSolution
		{362952B2-CA1F-40A3-8F5F-A21E8B3C5036}.Debug|Any CPU.ActiveCfg = Debug|Any CPU
		{362952B2-CA1F-40A3-8F5F-A21E8B3C5036}.Debug|Any CPU.Build.0 = Debug|Any CPU
		{362952B2-CA1F-40A3-8F5F-A21E8B3C5036}.Release|Any CPU.ActiveCfg = Release|Any CPU
		{362952B2-CA1F-40A3-8F5F-A21E8B3C5036}.Release|Any CPU.Build.0 = Release|Any CPU
	EndGlobalSection
	GlobalSection(SolutionProperties) = preSolution
		HideSolutionNode = FALSE
	EndGlobalSection
	GlobalSection(ExtensibilityGlobals) = postSolution
		SolutionGuid = {C38AA4CC-2E7C-4EEE-9283-2D3C0DB43674}
	EndGlobalSection
EndGlobal
