
Microsoft Visual Studio Solution File, Format Version 12.00
# Visual Studio Version 16
VisualStudioVersion = 25.0.1700.2
MinimumVisualStudioVersion = 10.0.40219.1
Project("{FAE04EC0-301F-11D3-BF4B-00C04F79EFBC}") = "Lists", "Lists\Lists.csproj", "{5879D2A5-A6BD-4F3C-BE8A-5F59B957B191}"
EndProject
Global
	GlobalSection(SolutionConfigurationPlatforms) = preSolution
		Debug|Any CPU = Debug|Any CPU
		Release|Any CPU = Release|Any CPU
	EndGlobalSection
	GlobalSection(ProjectConfigurationPlatforms) = postSolution
		{5879D2A5-A6BD-4F3C-BE8A-5F59B957B191}.Debug|Any CPU.ActiveCfg = Debug|Any CPU
		{5879D2A5-A6BD-4F3C-BE8A-5F59B957B191}.Debug|Any CPU.Build.0 = Debug|Any CPU
		{5879D2A5-A6BD-4F3C-BE8A-5F59B957B191}.Release|Any CPU.ActiveCfg = Release|Any CPU
		{5879D2A5-A6BD-4F3C-BE8A-5F59B957B191}.Release|Any CPU.Build.0 = Release|Any CPU
	EndGlobalSection
	GlobalSection(SolutionProperties) = preSolution
		HideSolutionNode = FALSE
	EndGlobalSection
	GlobalSection(ExtensibilityGlobals) = postSolution
		SolutionGuid = {97109640-2EAE-42A1-BA80-B3776CF79C52}
	EndGlobalSection
EndGlobal
